{
  "version": 4,
  "terraform_version": "1.2.1",
  "serial": 3,
  "lineage": "801d914b-02a8-3751-37e6-63bc99225e07",
  "outputs": {},
  "resources": [
    {
      "mode": "managed",
      "type": "aws_security_group",
      "name": "allow_ansible",
      "provider": "provider[\"registry.terraform.io/hashicorp/aws\"]",
      "instances": [
        {
          "schema_version": 1,
          "attributes": {
            "arn": "arn:aws:ec2:ap-south-1:489455091964:security-group/sg-05d38a580599a1776",
            "description": "Allow access for ansible ec2",
            "egress": [
              {
                "cidr_blocks": [
                  "0.0.0.0/0"
                ],
                "description": "allow outbound traffic",
                "from_port": 0,
                "ipv6_cidr_blocks": [],
                "prefix_list_ids": [],
                "protocol": "-1",
                "security_groups": [],
                "self": false,
                "to_port": 0
              }
            ],
            "id": "sg-05d38a580599a1776",
            "ingress": [
              {
                "cidr_blocks": [
                  "175.100.133.246/32"
                ],
                "description": "allow ssh from Hardik home",
                "from_port": 22,
                "ipv6_cidr_blocks": [],
                "prefix_list_ids": [],
                "protocol": "tcp",
                "security_groups": [],
                "self": false,
                "to_port": 22
              }
            ],
            "name": "allow_ansilbe",
            "name_prefix": "",
            "owner_id": "489455091964",
            "revoke_rules_on_delete": false,
            "tags": {
              "Name": "Allow_SSH"
            },
            "tags_all": {
              "Name": "Allow_SSH"
            },
            "timeouts": null,
            "vpc_id": "vpc-087d9a138cb75a809"
          },
          "sensitive_attributes": [],
          "private": "eyJlMmJmYjczMC1lY2FhLTExZTYtOGY4OC0zNDM2M2JjN2M0YzAiOnsiY3JlYXRlIjo2MDAwMDAwMDAwMDAsImRlbGV0ZSI6OTAwMDAwMDAwMDAwfSwic2NoZW1hX3ZlcnNpb24iOiIxIn0="
        }
      ]
    }
  ]
}
